
Microsoft Visual Studio Solution File, Format Version 12.00
# Visual Studio Version 17
VisualStudioVersion = 17.9.34622.214
MinimumVisualStudioVersion = 10.0.40219.1
Project("{9A19103F-16F7-4668-BE54-9A1E7A4F7556}") = "PruebaTecnica", "PruebaTecnica\PruebaTecnica.csproj", "{70A52C6B-E15D-4726-ABD0-54EEBB251355}"
EndProject
Project("{9A19103F-16F7-4668-BE54-9A1E7A4F7556}") = "PruebaTecnica.API", "PruebaTecnica.API\PruebaTecnica.API.csproj", "{DF0F04D4-ADE3-4F78-B118-A124507A015C}"
EndProject
Project("{9A19103F-16F7-4668-BE54-9A1E7A4F7556}") = "PruebaTecnica.Application", "PruebaTecnica.Application\PruebaTecnica.Application.csproj", "{7A8D5220-EE03-4A05-97AE-683A9C3838BD}"
EndProject
Project("{9A19103F-16F7-4668-BE54-9A1E7A4F7556}") = "PruebaTecnica.Core", "PruebaTecnica.Core\PruebaTecnica.Core.csproj", "{DFE905EF-3D13-4841-9C9D-BEA21E5C4507}"
EndProject
Project("{9A19103F-16F7-4668-BE54-9A1E7A4F7556}") = "PruebaTecnica.Infrastructure", "PruebaTecnica.Infrastructure\PruebaTecnica.Infrastructure.csproj", "{09E967AB-8010-460B-A4B6-D191DF77979F}"
EndProject
Project("{9A19103F-16F7-4668-BE54-9A1E7A4F7556}") = "PruebaTecnica.SQL", "PruebaTecnica.SQL\PruebaTecnica.SQL.csproj", "{D6D0D46A-651B-45EA-8D0B-9458ACE68FEF}"
EndProject
Project("{2150E333-8FDC-42A3-9474-1A3956D46DE8}") = "vertopal_0c9b3d4b6d5b42238ab4acbf82bcf48d", "vertopal_0c9b3d4b6d5b42238ab4acbf82bcf48d", "{B61BC343-7D3B-40E7-B4BC-09BA1D350D96}"
EndProject
Project("{2150E333-8FDC-42A3-9474-1A3956D46DE8}") = "media", "media", "{BE94C0E5-FB35-4DC0-BE91-5FD5C5A4FF4E}"
	ProjectSection(SolutionItems) = preProject
		E:\Onedrive\OneDrive - mail.utec.edu.sv\Proyecto Prueba Tecnica\vertopal_0c9b3d4b6d5b42238ab4acbf82bcf48d\media\image1.png = E:\Onedrive\OneDrive - mail.utec.edu.sv\Proyecto Prueba Tecnica\vertopal_0c9b3d4b6d5b42238ab4acbf82bcf48d\media\image1.png
		E:\Onedrive\OneDrive - mail.utec.edu.sv\Proyecto Prueba Tecnica\vertopal_0c9b3d4b6d5b42238ab4acbf82bcf48d\media\image10.png = E:\Onedrive\OneDrive - mail.utec.edu.sv\Proyecto Prueba Tecnica\vertopal_0c9b3d4b6d5b42238ab4acbf82bcf48d\media\image10.png
		E:\Onedrive\OneDrive - mail.utec.edu.sv\Proyecto Prueba Tecnica\vertopal_0c9b3d4b6d5b42238ab4acbf82bcf48d\media\image11.png = E:\Onedrive\OneDrive - mail.utec.edu.sv\Proyecto Prueba Tecnica\vertopal_0c9b3d4b6d5b42238ab4acbf82bcf48d\media\image11.png
		E:\Onedrive\OneDrive - mail.utec.edu.sv\Proyecto Prueba Tecnica\vertopal_0c9b3d4b6d5b42238ab4acbf82bcf48d\media\image12.png = E:\Onedrive\OneDrive - mail.utec.edu.sv\Proyecto Prueba Tecnica\vertopal_0c9b3d4b6d5b42238ab4acbf82bcf48d\media\image12.png
		E:\Onedrive\OneDrive - mail.utec.edu.sv\Proyecto Prueba Tecnica\vertopal_0c9b3d4b6d5b42238ab4acbf82bcf48d\media\image13.png = E:\Onedrive\OneDrive - mail.utec.edu.sv\Proyecto Prueba Tecnica\vertopal_0c9b3d4b6d5b42238ab4acbf82bcf48d\media\image13.png
		E:\Onedrive\OneDrive - mail.utec.edu.sv\Proyecto Prueba Tecnica\vertopal_0c9b3d4b6d5b42238ab4acbf82bcf48d\media\image14.png = E:\Onedrive\OneDrive - mail.utec.edu.sv\Proyecto Prueba Tecnica\vertopal_0c9b3d4b6d5b42238ab4acbf82bcf48d\media\image14.png
		E:\Onedrive\OneDrive - mail.utec.edu.sv\Proyecto Prueba Tecnica\vertopal_0c9b3d4b6d5b42238ab4acbf82bcf48d\media\image15.png = E:\Onedrive\OneDrive - mail.utec.edu.sv\Proyecto Prueba Tecnica\vertopal_0c9b3d4b6d5b42238ab4acbf82bcf48d\media\image15.png
		E:\Onedrive\OneDrive - mail.utec.edu.sv\Proyecto Prueba Tecnica\vertopal_0c9b3d4b6d5b42238ab4acbf82bcf48d\media\image16.png = E:\Onedrive\OneDrive - mail.utec.edu.sv\Proyecto Prueba Tecnica\vertopal_0c9b3d4b6d5b42238ab4acbf82bcf48d\media\image16.png
		E:\Onedrive\OneDrive - mail.utec.edu.sv\Proyecto Prueba Tecnica\vertopal_0c9b3d4b6d5b42238ab4acbf82bcf48d\media\image17.png = E:\Onedrive\OneDrive - mail.utec.edu.sv\Proyecto Prueba Tecnica\vertopal_0c9b3d4b6d5b42238ab4acbf82bcf48d\media\image17.png
		E:\Onedrive\OneDrive - mail.utec.edu.sv\Proyecto Prueba Tecnica\vertopal_0c9b3d4b6d5b42238ab4acbf82bcf48d\media\image18.png = E:\Onedrive\OneDrive - mail.utec.edu.sv\Proyecto Prueba Tecnica\vertopal_0c9b3d4b6d5b42238ab4acbf82bcf48d\media\image18.png
		E:\Onedrive\OneDrive - mail.utec.edu.sv\Proyecto Prueba Tecnica\vertopal_0c9b3d4b6d5b42238ab4acbf82bcf48d\media\image19.png = E:\Onedrive\OneDrive - mail.utec.edu.sv\Proyecto Prueba Tecnica\vertopal_0c9b3d4b6d5b42238ab4acbf82bcf48d\media\image19.png
		E:\Onedrive\OneDrive - mail.utec.edu.sv\Proyecto Prueba Tecnica\vertopal_0c9b3d4b6d5b42238ab4acbf82bcf48d\media\image2.png = E:\Onedrive\OneDrive - mail.utec.edu.sv\Proyecto Prueba Tecnica\vertopal_0c9b3d4b6d5b42238ab4acbf82bcf48d\media\image2.png
		E:\Onedrive\OneDrive - mail.utec.edu.sv\Proyecto Prueba Tecnica\vertopal_0c9b3d4b6d5b42238ab4acbf82bcf48d\media\image20.png = E:\Onedrive\OneDrive - mail.utec.edu.sv\Proyecto Prueba Tecnica\vertopal_0c9b3d4b6d5b42238ab4acbf82bcf48d\media\image20.png
		E:\Onedrive\OneDrive - mail.utec.edu.sv\Proyecto Prueba Tecnica\vertopal_0c9b3d4b6d5b42238ab4acbf82bcf48d\media\image21.png = E:\Onedrive\OneDrive - mail.utec.edu.sv\Proyecto Prueba Tecnica\vertopal_0c9b3d4b6d5b42238ab4acbf82bcf48d\media\image21.png
		E:\Onedrive\OneDrive - mail.utec.edu.sv\Proyecto Prueba Tecnica\vertopal_0c9b3d4b6d5b42238ab4acbf82bcf48d\media\image22.png = E:\Onedrive\OneDrive - mail.utec.edu.sv\Proyecto Prueba Tecnica\vertopal_0c9b3d4b6d5b42238ab4acbf82bcf48d\media\image22.png
		E:\Onedrive\OneDrive - mail.utec.edu.sv\Proyecto Prueba Tecnica\vertopal_0c9b3d4b6d5b42238ab4acbf82bcf48d\media\image23.png = E:\Onedrive\OneDrive - mail.utec.edu.sv\Proyecto Prueba Tecnica\vertopal_0c9b3d4b6d5b42238ab4acbf82bcf48d\media\image23.png
		E:\Onedrive\OneDrive - mail.utec.edu.sv\Proyecto Prueba Tecnica\vertopal_0c9b3d4b6d5b42238ab4acbf82bcf48d\media\image24.png = E:\Onedrive\OneDrive - mail.utec.edu.sv\Proyecto Prueba Tecnica\vertopal_0c9b3d4b6d5b42238ab4acbf82bcf48d\media\image24.png
		E:\Onedrive\OneDrive - mail.utec.edu.sv\Proyecto Prueba Tecnica\vertopal_0c9b3d4b6d5b42238ab4acbf82bcf48d\media\image25.png = E:\Onedrive\OneDrive - mail.utec.edu.sv\Proyecto Prueba Tecnica\vertopal_0c9b3d4b6d5b42238ab4acbf82bcf48d\media\image25.png
		E:\Onedrive\OneDrive - mail.utec.edu.sv\Proyecto Prueba Tecnica\vertopal_0c9b3d4b6d5b42238ab4acbf82bcf48d\media\image26.jpeg = E:\Onedrive\OneDrive - mail.utec.edu.sv\Proyecto Prueba Tecnica\vertopal_0c9b3d4b6d5b42238ab4acbf82bcf48d\media\image26.jpeg
		E:\Onedrive\OneDrive - mail.utec.edu.sv\Proyecto Prueba Tecnica\vertopal_0c9b3d4b6d5b42238ab4acbf82bcf48d\media\image27.emf = E:\Onedrive\OneDrive - mail.utec.edu.sv\Proyecto Prueba Tecnica\vertopal_0c9b3d4b6d5b42238ab4acbf82bcf48d\media\image27.emf
		E:\Onedrive\OneDrive - mail.utec.edu.sv\Proyecto Prueba Tecnica\vertopal_0c9b3d4b6d5b42238ab4acbf82bcf48d\media\image3.png = E:\Onedrive\OneDrive - mail.utec.edu.sv\Proyecto Prueba Tecnica\vertopal_0c9b3d4b6d5b42238ab4acbf82bcf48d\media\image3.png
		E:\Onedrive\OneDrive - mail.utec.edu.sv\Proyecto Prueba Tecnica\vertopal_0c9b3d4b6d5b42238ab4acbf82bcf48d\media\image4.png = E:\Onedrive\OneDrive - mail.utec.edu.sv\Proyecto Prueba Tecnica\vertopal_0c9b3d4b6d5b42238ab4acbf82bcf48d\media\image4.png
		E:\Onedrive\OneDrive - mail.utec.edu.sv\Proyecto Prueba Tecnica\vertopal_0c9b3d4b6d5b42238ab4acbf82bcf48d\media\image5.png = E:\Onedrive\OneDrive - mail.utec.edu.sv\Proyecto Prueba Tecnica\vertopal_0c9b3d4b6d5b42238ab4acbf82bcf48d\media\image5.png
		E:\Onedrive\OneDrive - mail.utec.edu.sv\Proyecto Prueba Tecnica\vertopal_0c9b3d4b6d5b42238ab4acbf82bcf48d\media\image6.png = E:\Onedrive\OneDrive - mail.utec.edu.sv\Proyecto Prueba Tecnica\vertopal_0c9b3d4b6d5b42238ab4acbf82bcf48d\media\image6.png
		E:\Onedrive\OneDrive - mail.utec.edu.sv\Proyecto Prueba Tecnica\vertopal_0c9b3d4b6d5b42238ab4acbf82bcf48d\media\image7.png = E:\Onedrive\OneDrive - mail.utec.edu.sv\Proyecto Prueba Tecnica\vertopal_0c9b3d4b6d5b42238ab4acbf82bcf48d\media\image7.png
		E:\Onedrive\OneDrive - mail.utec.edu.sv\Proyecto Prueba Tecnica\vertopal_0c9b3d4b6d5b42238ab4acbf82bcf48d\media\image8.png = E:\Onedrive\OneDrive - mail.utec.edu.sv\Proyecto Prueba Tecnica\vertopal_0c9b3d4b6d5b42238ab4acbf82bcf48d\media\image8.png
		E:\Onedrive\OneDrive - mail.utec.edu.sv\Proyecto Prueba Tecnica\vertopal_0c9b3d4b6d5b42238ab4acbf82bcf48d\media\image9.png = E:\Onedrive\OneDrive - mail.utec.edu.sv\Proyecto Prueba Tecnica\vertopal_0c9b3d4b6d5b42238ab4acbf82bcf48d\media\image9.png
	EndProjectSection
EndProject
Global
	GlobalSection(SolutionConfigurationPlatforms) = preSolution
		Debug|Any CPU = Debug|Any CPU
		Release|Any CPU = Release|Any CPU
	EndGlobalSection
	GlobalSection(ProjectConfigurationPlatforms) = postSolution
		{70A52C6B-E15D-4726-ABD0-54EEBB251355}.Debug|Any CPU.ActiveCfg = Debug|Any CPU
		{70A52C6B-E15D-4726-ABD0-54EEBB251355}.Debug|Any CPU.Build.0 = Debug|Any CPU
		{70A52C6B-E15D-4726-ABD0-54EEBB251355}.Release|Any CPU.ActiveCfg = Release|Any CPU
		{70A52C6B-E15D-4726-ABD0-54EEBB251355}.Release|Any CPU.Build.0 = Release|Any CPU
		{DF0F04D4-ADE3-4F78-B118-A124507A015C}.Debug|Any CPU.ActiveCfg = Debug|Any CPU
		{DF0F04D4-ADE3-4F78-B118-A124507A015C}.Debug|Any CPU.Build.0 = Debug|Any CPU
		{DF0F04D4-ADE3-4F78-B118-A124507A015C}.Release|Any CPU.ActiveCfg = Release|Any CPU
		{DF0F04D4-ADE3-4F78-B118-A124507A015C}.Release|Any CPU.Build.0 = Release|Any CPU
		{7A8D5220-EE03-4A05-97AE-683A9C3838BD}.Debug|Any CPU.ActiveCfg = Debug|Any CPU
		{7A8D5220-EE03-4A05-97AE-683A9C3838BD}.Debug|Any CPU.Build.0 = Debug|Any CPU
		{7A8D5220-EE03-4A05-97AE-683A9C3838BD}.Release|Any CPU.ActiveCfg = Release|Any CPU
		{7A8D5220-EE03-4A05-97AE-683A9C3838BD}.Release|Any CPU.Build.0 = Release|Any CPU
		{DFE905EF-3D13-4841-9C9D-BEA21E5C4507}.Debug|Any CPU.ActiveCfg = Debug|Any CPU
		{DFE905EF-3D13-4841-9C9D-BEA21E5C4507}.Debug|Any CPU.Build.0 = Debug|Any CPU
		{DFE905EF-3D13-4841-9C9D-BEA21E5C4507}.Release|Any CPU.ActiveCfg = Release|Any CPU
		{DFE905EF-3D13-4841-9C9D-BEA21E5C4507}.Release|Any CPU.Build.0 = Release|Any CPU
		{09E967AB-8010-460B-A4B6-D191DF77979F}.Debug|Any CPU.ActiveCfg = Debug|Any CPU
		{09E967AB-8010-460B-A4B6-D191DF77979F}.Debug|Any CPU.Build.0 = Debug|Any CPU
		{09E967AB-8010-460B-A4B6-D191DF77979F}.Release|Any CPU.ActiveCfg = Release|Any CPU
		{09E967AB-8010-460B-A4B6-D191DF77979F}.Release|Any CPU.Build.0 = Release|Any CPU
		{D6D0D46A-651B-45EA-8D0B-9458ACE68FEF}.Debug|Any CPU.ActiveCfg = Debug|Any CPU
		{D6D0D46A-651B-45EA-8D0B-9458ACE68FEF}.Debug|Any CPU.Build.0 = Debug|Any CPU
		{D6D0D46A-651B-45EA-8D0B-9458ACE68FEF}.Release|Any CPU.ActiveCfg = Release|Any CPU
		{D6D0D46A-651B-45EA-8D0B-9458ACE68FEF}.Release|Any CPU.Build.0 = Release|Any CPU
	EndGlobalSection
	GlobalSection(SolutionProperties) = preSolution
		HideSolutionNode = FALSE
	EndGlobalSection
	GlobalSection(NestedProjects) = preSolution
		{BE94C0E5-FB35-4DC0-BE91-5FD5C5A4FF4E} = {B61BC343-7D3B-40E7-B4BC-09BA1D350D96}
	EndGlobalSection
	GlobalSection(ExtensibilityGlobals) = postSolution
		SolutionGuid = {22F25FAB-44D3-4506-A66F-A6FA5ECF1A8A}
	EndGlobalSection
EndGlobal
